// !$*UTF8*$!
{
	archiveVersion = 1;
	classes = {
	};
	objectVersion = 56;
	objects = {

/* Begin PBXBuildFile section */
		E212A7BF2D891FD800E564BF /* ToolbarView.swift in Sources */ = {isa = PBXBuildFile; fileRef = E212A7BE2D891FD800E564BF /* ToolbarView.swift */; };
		E212A7C12D89272600E564BF /* CellGridData.swift in Sources */ = {isa = PBXBuildFile; fileRef = E212A7C02D89272600E564BF /* CellGridData.swift */; };
		E22E63C52D91BDC00048EFD6 /* GlobalColors.swift in Sources */ = {isa = PBXBuildFile; fileRef = E22E63C42D91BDC00048EFD6 /* GlobalColors.swift */; };
		E2680F032D77F1640078843D /* QuestloreAudioApp.swift in Sources */ = {isa = PBXBuildFile; fileRef = E2680F022D77F1640078843D /* QuestloreAudioApp.swift */; };
		E2680F052D77F1640078843D /* ContentView.swift in Sources */ = {isa = PBXBuildFile; fileRef = E2680F042D77F1640078843D /* ContentView.swift */; };
		E2680F072D77F1660078843D /* Assets.xcassets in Resources */ = {isa = PBXBuildFile; fileRef = E2680F062D77F1660078843D /* Assets.xcassets */; };
		E2680F0B2D77F1660078843D /* Preview Assets.xcassets in Resources */ = {isa = PBXBuildFile; fileRef = E2680F0A2D77F1660078843D /* Preview Assets.xcassets */; };
		E2680F152D77F1660078843D /* QuestloreAudioTests.swift in Sources */ = {isa = PBXBuildFile; fileRef = E2680F142D77F1660078843D /* QuestloreAudioTests.swift */; };
		E2680F1F2D77F1660078843D /* QuestloreAudioUITests.swift in Sources */ = {isa = PBXBuildFile; fileRef = E2680F1E2D77F1660078843D /* QuestloreAudioUITests.swift */; };
		E2680F212D77F1660078843D /* QuestloreAudioUITestsLaunchTests.swift in Sources */ = {isa = PBXBuildFile; fileRef = E2680F202D77F1660078843D /* QuestloreAudioUITestsLaunchTests.swift */; };
		E26EBA952D85625700FFA97B /* Boss_Combat_Music.mp3 in Resources */ = {isa = PBXBuildFile; fileRef = E26EBA942D85625600FFA97B /* Boss_Combat_Music.mp3 */; };
		E26EBA972D856ABE00FFA97B /* Jungle_Ambience.mp3 in Resources */ = {isa = PBXBuildFile; fileRef = E26EBA962D856ABE00FFA97B /* Jungle_Ambience.mp3 */; };
		E26EBA9B2D86B08E00FFA97B /* AudioManager.swift in Sources */ = {isa = PBXBuildFile; fileRef = E26EBA9A2D86B08E00FFA97B /* AudioManager.swift */; };
		E292528D2D8AB1DB00185A6E /* GestureButton.swift in Sources */ = {isa = PBXBuildFile; fileRef = E292528C2D8AB1DB00185A6E /* GestureButton.swift */; };
		E292528F2D8AC5F600185A6E /* GestureCanceller.swift in Sources */ = {isa = PBXBuildFile; fileRef = E292528E2D8AC5F600185A6E /* GestureCanceller.swift */; };
		E2DE7CC02D798C6D00E69B50 /* AudioStage.swift in Sources */ = {isa = PBXBuildFile; fileRef = E2DE7CBF2D798C6D00E69B50 /* AudioStage.swift */; };
		E2DE7CC22D798E1800E69B50 /* CellView.swift in Sources */ = {isa = PBXBuildFile; fileRef = E2DE7CC12D798E1800E69B50 /* CellView.swift */; };
		E2DE7CCA2D7AD5D300E69B50 /* Mystic_Desert_Music.mp3 in Resources */ = {isa = PBXBuildFile; fileRef = E2DE7CC62D7AD5D200E69B50 /* Mystic_Desert_Music.mp3 */; };
		E2DE7CCB2D7AD5D300E69B50 /* Building_Interior_Music.mp3 in Resources */ = {isa = PBXBuildFile; fileRef = E2DE7CC72D7AD5D200E69B50 /* Building_Interior_Music.mp3 */; };
		E2DE7CCC2D7AD5D300E69B50 /* Dungeon_Ambience.mp3 in Resources */ = {isa = PBXBuildFile; fileRef = E2DE7CC82D7AD5D300E69B50 /* Dungeon_Ambience.mp3 */; };
		E2DE7CCD2D7AD5D300E69B50 /* Log_Fire_Ambience.m4a in Resources */ = {isa = PBXBuildFile; fileRef = E2DE7CC92D7AD5D300E69B50 /* Log_Fire_Ambience.m4a */; };
		E2DE7CCF2D7F13DF00E69B50 /* CellModel.swift in Sources */ = {isa = PBXBuildFile; fileRef = E2DE7CCE2D7F13DF00E69B50 /* CellModel.swift */; };
		E2E682C52D9040B3004A9B0C /* Test.swift in Sources */ = {isa = PBXBuildFile; fileRef = E2E682C42D9040B3004A9B0C /* Test.swift */; };
		E2E71E162D8E5AEC009DE5A3 /* CellView(old).swift in Sources */ = {isa = PBXBuildFile; fileRef = E2E71E152D8E5AEC009DE5A3 /* CellView(old).swift */; };
		E2E71E182D8E9520009DE5A3 /* NoDelayScrollView.swift in Sources */ = {isa = PBXBuildFile; fileRef = E2E71E172D8E9520009DE5A3 /* NoDelayScrollView.swift */; };
		E2E71E1A2D8EBF48009DE5A3 /* DragHandler.swift in Sources */ = {isa = PBXBuildFile; fileRef = E2E71E192D8EBF48009DE5A3 /* DragHandler.swift */; };
		E2E71E1C2D8ECE83009DE5A3 /* DragButton.swift in Sources */ = {isa = PBXBuildFile; fileRef = E2E71E1B2D8ECE83009DE5A3 /* DragButton.swift */; };
		E2E71E1E2D8EE277009DE5A3 /* ScrollTest.swift in Sources */ = {isa = PBXBuildFile; fileRef = E2E71E1D2D8EE277009DE5A3 /* ScrollTest.swift */; };
/* End PBXBuildFile section */

/* Begin PBXContainerItemProxy section */
		E2680F112D77F1660078843D /* PBXContainerItemProxy */ = {
			isa = PBXContainerItemProxy;
			containerPortal = E2680EF72D77F1640078843D /* Project object */;
			proxyType = 1;
			remoteGlobalIDString = E2680EFE2D77F1640078843D;
			remoteInfo = QuestloreAudio;
		};
		E2680F1B2D77F1660078843D /* PBXContainerItemProxy */ = {
			isa = PBXContainerItemProxy;
			containerPortal = E2680EF72D77F1640078843D /* Project object */;
			proxyType = 1;
			remoteGlobalIDString = E2680EFE2D77F1640078843D;
			remoteInfo = QuestloreAudio;
		};
/* End PBXContainerItemProxy section */

/* Begin PBXFileReference section */
		E212A7BE2D891FD800E564BF /* ToolbarView.swift */ = {isa = PBXFileReference; lastKnownFileType = sourcecode.swift; path = ToolbarView.swift; sourceTree = "<group>"; };
		E212A7C02D89272600E564BF /* CellGridData.swift */ = {isa = PBXFileReference; lastKnownFileType = sourcecode.swift; path = CellGridData.swift; sourceTree = "<group>"; };
		E22E63C42D91BDC00048EFD6 /* GlobalColors.swift */ = {isa = PBXFileReference; lastKnownFileType = sourcecode.swift; path = GlobalColors.swift; sourceTree = "<group>"; };
		E2680EFF2D77F1640078843D /* QuestloreAudio.app */ = {isa = PBXFileReference; explicitFileType = wrapper.application; includeInIndex = 0; path = QuestloreAudio.app; sourceTree = BUILT_PRODUCTS_DIR; };
		E2680F022D77F1640078843D /* QuestloreAudioApp.swift */ = {isa = PBXFileReference; lastKnownFileType = sourcecode.swift; path = QuestloreAudioApp.swift; sourceTree = "<group>"; };
		E2680F042D77F1640078843D /* ContentView.swift */ = {isa = PBXFileReference; lastKnownFileType = sourcecode.swift; path = ContentView.swift; sourceTree = "<group>"; };
		E2680F062D77F1660078843D /* Assets.xcassets */ = {isa = PBXFileReference; lastKnownFileType = folder.assetcatalog; path = Assets.xcassets; sourceTree = "<group>"; };
		E2680F082D77F1660078843D /* QuestloreAudio.entitlements */ = {isa = PBXFileReference; lastKnownFileType = text.plist.entitlements; path = QuestloreAudio.entitlements; sourceTree = "<group>"; };
		E2680F0A2D77F1660078843D /* Preview Assets.xcassets */ = {isa = PBXFileReference; lastKnownFileType = folder.assetcatalog; path = "Preview Assets.xcassets"; sourceTree = "<group>"; };
		E2680F102D77F1660078843D /* QuestloreAudioTests.xctest */ = {isa = PBXFileReference; explicitFileType = wrapper.cfbundle; includeInIndex = 0; path = QuestloreAudioTests.xctest; sourceTree = BUILT_PRODUCTS_DIR; };
		E2680F142D77F1660078843D /* QuestloreAudioTests.swift */ = {isa = PBXFileReference; lastKnownFileType = sourcecode.swift; path = QuestloreAudioTests.swift; sourceTree = "<group>"; };
		E2680F1A2D77F1660078843D /* QuestloreAudioUITests.xctest */ = {isa = PBXFileReference; explicitFileType = wrapper.cfbundle; includeInIndex = 0; path = QuestloreAudioUITests.xctest; sourceTree = BUILT_PRODUCTS_DIR; };
		E2680F1E2D77F1660078843D /* QuestloreAudioUITests.swift */ = {isa = PBXFileReference; lastKnownFileType = sourcecode.swift; path = QuestloreAudioUITests.swift; sourceTree = "<group>"; };
		E2680F202D77F1660078843D /* QuestloreAudioUITestsLaunchTests.swift */ = {isa = PBXFileReference; lastKnownFileType = sourcecode.swift; path = QuestloreAudioUITestsLaunchTests.swift; sourceTree = "<group>"; };
		E26EBA942D85625600FFA97B /* Boss_Combat_Music.mp3 */ = {isa = PBXFileReference; lastKnownFileType = audio.mp3; path = Boss_Combat_Music.mp3; sourceTree = "<group>"; };
		E26EBA962D856ABE00FFA97B /* Jungle_Ambience.mp3 */ = {isa = PBXFileReference; lastKnownFileType = audio.mp3; path = Jungle_Ambience.mp3; sourceTree = "<group>"; };
		E26EBA9A2D86B08E00FFA97B /* AudioManager.swift */ = {isa = PBXFileReference; fileEncoding = 4; lastKnownFileType = sourcecode.swift; path = AudioManager.swift; sourceTree = "<group>"; };
		E292528A2D8AB15F00185A6E /* Accelerate.framework */ = {isa = PBXFileReference; lastKnownFileType = wrapper.framework; name = Accelerate.framework; path = Platforms/iPhoneOS.platform/Developer/SDKs/iPhoneOS16.2.sdk/System/Library/Frameworks/Accelerate.framework; sourceTree = DEVELOPER_DIR; };
		E292528C2D8AB1DB00185A6E /* GestureButton.swift */ = {isa = PBXFileReference; lastKnownFileType = sourcecode.swift; path = GestureButton.swift; sourceTree = "<group>"; };
		E292528E2D8AC5F600185A6E /* GestureCanceller.swift */ = {isa = PBXFileReference; lastKnownFileType = sourcecode.swift; path = GestureCanceller.swift; sourceTree = "<group>"; };
		E2DE7CBF2D798C6D00E69B50 /* AudioStage.swift */ = {isa = PBXFileReference; lastKnownFileType = sourcecode.swift; path = AudioStage.swift; sourceTree = "<group>"; };
		E2DE7CC12D798E1800E69B50 /* CellView.swift */ = {isa = PBXFileReference; lastKnownFileType = sourcecode.swift; path = CellView.swift; sourceTree = "<group>"; };
		E2DE7CC62D7AD5D200E69B50 /* Mystic_Desert_Music.mp3 */ = {isa = PBXFileReference; lastKnownFileType = audio.mp3; path = Mystic_Desert_Music.mp3; sourceTree = "<group>"; };
		E2DE7CC72D7AD5D200E69B50 /* Building_Interior_Music.mp3 */ = {isa = PBXFileReference; lastKnownFileType = audio.mp3; path = Building_Interior_Music.mp3; sourceTree = "<group>"; };
		E2DE7CC82D7AD5D300E69B50 /* Dungeon_Ambience.mp3 */ = {isa = PBXFileReference; lastKnownFileType = audio.mp3; path = Dungeon_Ambience.mp3; sourceTree = "<group>"; };
		E2DE7CC92D7AD5D300E69B50 /* Log_Fire_Ambience.m4a */ = {isa = PBXFileReference; lastKnownFileType = file; path = Log_Fire_Ambience.m4a; sourceTree = "<group>"; };
		E2DE7CCE2D7F13DF00E69B50 /* CellModel.swift */ = {isa = PBXFileReference; lastKnownFileType = sourcecode.swift; path = CellModel.swift; sourceTree = "<group>"; };
		E2DE7CD52D814E2300E69B50 /* Info.plist */ = {isa = PBXFileReference; lastKnownFileType = text.plist; path = Info.plist; sourceTree = "<group>"; };
		E2E682C42D9040B3004A9B0C /* Test.swift */ = {isa = PBXFileReference; lastKnownFileType = sourcecode.swift; path = Test.swift; sourceTree = "<group>"; };
		E2E71E152D8E5AEC009DE5A3 /* CellView(old).swift */ = {isa = PBXFileReference; fileEncoding = 4; lastKnownFileType = sourcecode.swift; path = "CellView(old).swift"; sourceTree = "<group>"; };
		E2E71E172D8E9520009DE5A3 /* NoDelayScrollView.swift */ = {isa = PBXFileReference; lastKnownFileType = sourcecode.swift; path = NoDelayScrollView.swift; sourceTree = "<group>"; };
		E2E71E192D8EBF48009DE5A3 /* DragHandler.swift */ = {isa = PBXFileReference; lastKnownFileType = sourcecode.swift; path = DragHandler.swift; sourceTree = "<group>"; };
		E2E71E1B2D8ECE83009DE5A3 /* DragButton.swift */ = {isa = PBXFileReference; lastKnownFileType = sourcecode.swift; path = DragButton.swift; sourceTree = "<group>"; };
		E2E71E1D2D8EE277009DE5A3 /* ScrollTest.swift */ = {isa = PBXFileReference; lastKnownFileType = sourcecode.swift; path = ScrollTest.swift; sourceTree = "<group>"; };
/* End PBXFileReference section */

/* Begin PBXFrameworksBuildPhase section */
		E2680EFC2D77F1640078843D /* Frameworks */ = {
			isa = PBXFrameworksBuildPhase;
			buildActionMask = 2147483647;
			files = (
			);
			runOnlyForDeploymentPostprocessing = 0;
		};
		E2680F0D2D77F1660078843D /* Frameworks */ = {
			isa = PBXFrameworksBuildPhase;
			buildActionMask = 2147483647;
			files = (
			);
			runOnlyForDeploymentPostprocessing = 0;
		};
		E2680F172D77F1660078843D /* Frameworks */ = {
			isa = PBXFrameworksBuildPhase;
			buildActionMask = 2147483647;
			files = (
			);
			runOnlyForDeploymentPostprocessing = 0;
		};
/* End PBXFrameworksBuildPhase section */

/* Begin PBXGroup section */
		E2680EF62D77F1640078843D = {
			isa = PBXGroup;
			children = (
				E2680F012D77F1640078843D /* QuestloreAudio */,
				E2680F132D77F1660078843D /* QuestloreAudioTests */,
				E2680F1D2D77F1660078843D /* QuestloreAudioUITests */,
				E2680F002D77F1640078843D /* Products */,
				E29252892D8AB15E00185A6E /* Frameworks */,
			);
			sourceTree = "<group>";
		};
		E2680F002D77F1640078843D /* Products */ = {
			isa = PBXGroup;
			children = (
				E2680EFF2D77F1640078843D /* QuestloreAudio.app */,
				E2680F102D77F1660078843D /* QuestloreAudioTests.xctest */,
				E2680F1A2D77F1660078843D /* QuestloreAudioUITests.xctest */,
			);
			name = Products;
			sourceTree = "<group>";
		};
		E2680F012D77F1640078843D /* QuestloreAudio */ = {
			isa = PBXGroup;
			children = (
				E2DE7CD52D814E2300E69B50 /* Info.plist */,
				E2DE7CC52D7A9FBF00E69B50 /* AudioFiles */,
				E2680F022D77F1640078843D /* QuestloreAudioApp.swift */,
				E2DE7CBF2D798C6D00E69B50 /* AudioStage.swift */,
				E212A7BE2D891FD800E564BF /* ToolbarView.swift */,
				E2E682C42D9040B3004A9B0C /* Test.swift */,
				E2DE7CC12D798E1800E69B50 /* CellView.swift */,
				E2E71E1D2D8EE277009DE5A3 /* ScrollTest.swift */,
				E2DE7CCE2D7F13DF00E69B50 /* CellModel.swift */,
				E212A7C02D89272600E564BF /* CellGridData.swift */,
				E26EBA9A2D86B08E00FFA97B /* AudioManager.swift */,
				E22E63C42D91BDC00048EFD6 /* GlobalColors.swift */,
				E292528C2D8AB1DB00185A6E /* GestureButton.swift */,
				E2E682C32D8EF4FB004A9B0C /* Obsolete */,
				E2680F062D77F1660078843D /* Assets.xcassets */,
				E2680F082D77F1660078843D /* QuestloreAudio.entitlements */,
				E2680F092D77F1660078843D /* Preview Content */,
			);
			path = QuestloreAudio;
			sourceTree = "<group>";
		};
		E2680F092D77F1660078843D /* Preview Content */ = {
			isa = PBXGroup;
			children = (
				E2680F0A2D77F1660078843D /* Preview Assets.xcassets */,
			);
			path = "Preview Content";
			sourceTree = "<group>";
		};
		E2680F132D77F1660078843D /* QuestloreAudioTests */ = {
			isa = PBXGroup;
			children = (
				E2680F142D77F1660078843D /* QuestloreAudioTests.swift */,
			);
			path = QuestloreAudioTests;
			sourceTree = "<group>";
		};
		E2680F1D2D77F1660078843D /* QuestloreAudioUITests */ = {
			isa = PBXGroup;
			children = (
				E2680F1E2D77F1660078843D /* QuestloreAudioUITests.swift */,
				E2680F202D77F1660078843D /* QuestloreAudioUITestsLaunchTests.swift */,
			);
			path = QuestloreAudioUITests;
			sourceTree = "<group>";
		};
		E29252892D8AB15E00185A6E /* Frameworks */ = {
			isa = PBXGroup;
			children = (
				E292528A2D8AB15F00185A6E /* Accelerate.framework */,
			);
			name = Frameworks;
			sourceTree = "<group>";
		};
		E2DE7CC52D7A9FBF00E69B50 /* AudioFiles */ = {
			isa = PBXGroup;
			children = (
				E26EBA962D856ABE00FFA97B /* Jungle_Ambience.mp3 */,
				E26EBA942D85625600FFA97B /* Boss_Combat_Music.mp3 */,
				E2DE7CC72D7AD5D200E69B50 /* Building_Interior_Music.mp3 */,
				E2DE7CC82D7AD5D300E69B50 /* Dungeon_Ambience.mp3 */,
				E2DE7CC92D7AD5D300E69B50 /* Log_Fire_Ambience.m4a */,
				E2DE7CC62D7AD5D200E69B50 /* Mystic_Desert_Music.mp3 */,
			);
			path = AudioFiles;
			sourceTree = "<group>";
		};
		E2E682C32D8EF4FB004A9B0C /* Obsolete */ = {
			isa = PBXGroup;
			children = (
				E2E71E152D8E5AEC009DE5A3 /* CellView(old).swift */,
				E2E71E192D8EBF48009DE5A3 /* DragHandler.swift */,
				E2E71E1B2D8ECE83009DE5A3 /* DragButton.swift */,
				E2E71E172D8E9520009DE5A3 /* NoDelayScrollView.swift */,
				E292528E2D8AC5F600185A6E /* GestureCanceller.swift */,
				E2680F042D77F1640078843D /* ContentView.swift */,
			);
			path = Obsolete;
			sourceTree = "<group>";
		};
/* End PBXGroup section */

/* Begin PBXNativeTarget section */
		E2680EFE2D77F1640078843D /* QuestloreAudio */ = {
			isa = PBXNativeTarget;
			buildConfigurationList = E2680F242D77F1660078843D /* Build configuration list for PBXNativeTarget "QuestloreAudio" */;
			buildPhases = (
				E2680EFB2D77F1640078843D /* Sources */,
				E2680EFC2D77F1640078843D /* Frameworks */,
				E2680EFD2D77F1640078843D /* Resources */,
			);
			buildRules = (
			);
			dependencies = (
			);
			name = QuestloreAudio;
			packageProductDependencies = (
			);
			productName = QuestloreAudio;
			productReference = E2680EFF2D77F1640078843D /* QuestloreAudio.app */;
			productType = "com.apple.product-type.application";
		};
		E2680F0F2D77F1660078843D /* QuestloreAudioTests */ = {
			isa = PBXNativeTarget;
			buildConfigurationList = E2680F272D77F1660078843D /* Build configuration list for PBXNativeTarget "QuestloreAudioTests" */;
			buildPhases = (
				E2680F0C2D77F1660078843D /* Sources */,
				E2680F0D2D77F1660078843D /* Frameworks */,
				E2680F0E2D77F1660078843D /* Resources */,
			);
			buildRules = (
			);
			dependencies = (
				E2680F122D77F1660078843D /* PBXTargetDependency */,
			);
			name = QuestloreAudioTests;
			productName = QuestloreAudioTests;
			productReference = E2680F102D77F1660078843D /* QuestloreAudioTests.xctest */;
			productType = "com.apple.product-type.bundle.unit-test";
		};
		E2680F192D77F1660078843D /* QuestloreAudioUITests */ = {
			isa = PBXNativeTarget;
			buildConfigurationList = E2680F2A2D77F1660078843D /* Build configuration list for PBXNativeTarget "QuestloreAudioUITests" */;
			buildPhases = (
				E2680F162D77F1660078843D /* Sources */,
				E2680F172D77F1660078843D /* Frameworks */,
				E2680F182D77F1660078843D /* Resources */,
			);
			buildRules = (
			);
			dependencies = (
				E2680F1C2D77F1660078843D /* PBXTargetDependency */,
			);
			name = QuestloreAudioUITests;
			productName = QuestloreAudioUITests;
			productReference = E2680F1A2D77F1660078843D /* QuestloreAudioUITests.xctest */;
			productType = "com.apple.product-type.bundle.ui-testing";
		};
/* End PBXNativeTarget section */

/* Begin PBXProject section */
		E2680EF72D77F1640078843D /* Project object */ = {
			isa = PBXProject;
			attributes = {
				BuildIndependentTargetsInParallel = 1;
				LastSwiftUpdateCheck = 1420;
				LastUpgradeCheck = 1420;
				TargetAttributes = {
					E2680EFE2D77F1640078843D = {
						CreatedOnToolsVersion = 14.2;
					};
					E2680F0F2D77F1660078843D = {
						CreatedOnToolsVersion = 14.2;
						TestTargetID = E2680EFE2D77F1640078843D;
					};
					E2680F192D77F1660078843D = {
						CreatedOnToolsVersion = 14.2;
						TestTargetID = E2680EFE2D77F1640078843D;
					};
				};
			};
			buildConfigurationList = E2680EFA2D77F1640078843D /* Build configuration list for PBXProject "QuestloreAudio" */;
			compatibilityVersion = "Xcode 14.0";
			developmentRegion = en;
			hasScannedForEncodings = 0;
			knownRegions = (
				en,
				Base,
			);
			mainGroup = E2680EF62D77F1640078843D;
			packageReferences = (
			);
			productRefGroup = E2680F002D77F1640078843D /* Products */;
			projectDirPath = "";
			projectRoot = "";
			targets = (
				E2680EFE2D77F1640078843D /* QuestloreAudio */,
				E2680F0F2D77F1660078843D /* QuestloreAudioTests */,
				E2680F192D77F1660078843D /* QuestloreAudioUITests */,
			);
		};
/* End PBXProject section */

/* Begin PBXResourcesBuildPhase section */
		E2680EFD2D77F1640078843D /* Resources */ = {
			isa = PBXResourcesBuildPhase;
			buildActionMask = 2147483647;
			files = (
				E2DE7CCA2D7AD5D300E69B50 /* Mystic_Desert_Music.mp3 in Resources */,
				E26EBA972D856ABE00FFA97B /* Jungle_Ambience.mp3 in Resources */,
				E2680F0B2D77F1660078843D /* Preview Assets.xcassets in Resources */,
				E2DE7CCB2D7AD5D300E69B50 /* Building_Interior_Music.mp3 in Resources */,
				E2DE7CCC2D7AD5D300E69B50 /* Dungeon_Ambience.mp3 in Resources */,
				E2680F072D77F1660078843D /* Assets.xcassets in Resources */,
				E26EBA952D85625700FFA97B /* Boss_Combat_Music.mp3 in Resources */,
				E2DE7CCD2D7AD5D300E69B50 /* Log_Fire_Ambience.m4a in Resources */,
			);
			runOnlyForDeploymentPostprocessing = 0;
		};
		E2680F0E2D77F1660078843D /* Resources */ = {
			isa = PBXResourcesBuildPhase;
			buildActionMask = 2147483647;
			files = (
			);
			runOnlyForDeploymentPostprocessing = 0;
		};
		E2680F182D77F1660078843D /* Resources */ = {
			isa = PBXResourcesBuildPhase;
			buildActionMask = 2147483647;
			files = (
			);
			runOnlyForDeploymentPostprocessing = 0;
		};
/* End PBXResourcesBuildPhase section */

/* Begin PBXSourcesBuildPhase section */
		E2680EFB2D77F1640078843D /* Sources */ = {
			isa = PBXSourcesBuildPhase;
			buildActionMask = 2147483647;
			files = (
				E2E71E182D8E9520009DE5A3 /* NoDelayScrollView.swift in Sources */,
				E22E63C52D91BDC00048EFD6 /* GlobalColors.swift in Sources */,
				E212A7BF2D891FD800E564BF /* ToolbarView.swift in Sources */,
				E2680F052D77F1640078843D /* ContentView.swift in Sources */,
				E2E71E1C2D8ECE83009DE5A3 /* DragButton.swift in Sources */,
				E2680F032D77F1640078843D /* QuestloreAudioApp.swift in Sources */,
				E2E682C52D9040B3004A9B0C /* Test.swift in Sources */,
				E2E71E162D8E5AEC009DE5A3 /* CellView(old).swift in Sources */,
				E2DE7CC02D798C6D00E69B50 /* AudioStage.swift in Sources */,
				E2DE7CC22D798E1800E69B50 /* CellView.swift in Sources */,
				E292528F2D8AC5F600185A6E /* GestureCanceller.swift in Sources */,
				E292528D2D8AB1DB00185A6E /* GestureButton.swift in Sources */,
				E212A7C12D89272600E564BF /* CellGridData.swift in Sources */,
				E26EBA9B2D86B08E00FFA97B /* AudioManager.swift in Sources */,
				E2E71E1E2D8EE277009DE5A3 /* ScrollTest.swift in Sources */,
				E2DE7CCF2D7F13DF00E69B50 /* CellModel.swift in Sources */,
				E2E71E1A2D8EBF48009DE5A3 /* DragHandler.swift in Sources */,
			);
			runOnlyForDeploymentPostprocessing = 0;
		};
		E2680F0C2D77F1660078843D /* Sources */ = {
			isa = PBXSourcesBuildPhase;
			buildActionMask = 2147483647;
			files = (
				E2680F152D77F1660078843D /* QuestloreAudioTests.swift in Sources */,
			);
			runOnlyForDeploymentPostprocessing = 0;
		};
		E2680F162D77F1660078843D /* Sources */ = {
			isa = PBXSourcesBuildPhase;
			buildActionMask = 2147483647;
			files = (
				E2680F212D77F1660078843D /* QuestloreAudioUITestsLaunchTests.swift in Sources */,
				E2680F1F2D77F1660078843D /* QuestloreAudioUITests.swift in Sources */,
			);
			runOnlyForDeploymentPostprocessing = 0;
		};
/* End PBXSourcesBuildPhase section */

/* Begin PBXTargetDependency section */
		E2680F122D77F1660078843D /* PBXTargetDependency */ = {
			isa = PBXTargetDependency;
			target = E2680EFE2D77F1640078843D /* QuestloreAudio */;
			targetProxy = E2680F112D77F1660078843D /* PBXContainerItemProxy */;
		};
		E2680F1C2D77F1660078843D /* PBXTargetDependency */ = {
			isa = PBXTargetDependency;
			target = E2680EFE2D77F1640078843D /* QuestloreAudio */;
			targetProxy = E2680F1B2D77F1660078843D /* PBXContainerItemProxy */;
		};
/* End PBXTargetDependency section */

/* Begin XCBuildConfiguration section */
		E2680F222D77F1660078843D /* Debug */ = {
			isa = XCBuildConfiguration;
			buildSettings = {
				ALWAYS_SEARCH_USER_PATHS = NO;
				CLANG_ANALYZER_NONNULL = YES;
				CLANG_ANALYZER_NUMBER_OBJECT_CONVERSION = YES_AGGRESSIVE;
				CLANG_CXX_LANGUAGE_STANDARD = "gnu++20";
				CLANG_ENABLE_MODULES = YES;
				CLANG_ENABLE_OBJC_ARC = YES;
				CLANG_ENABLE_OBJC_WEAK = YES;
				CLANG_WARN_BLOCK_CAPTURE_AUTORELEASING = YES;
				CLANG_WARN_BOOL_CONVERSION = YES;
				CLANG_WARN_COMMA = YES;
				CLANG_WARN_CONSTANT_CONVERSION = YES;
				CLANG_WARN_DEPRECATED_OBJC_IMPLEMENTATIONS = YES;
				CLANG_WARN_DIRECT_OBJC_ISA_USAGE = YES_ERROR;
				CLANG_WARN_DOCUMENTATION_COMMENTS = YES;
				CLANG_WARN_EMPTY_BODY = YES;
				CLANG_WARN_ENUM_CONVERSION = YES;
				CLANG_WARN_INFINITE_RECURSION = YES;
				CLANG_WARN_INT_CONVERSION = YES;
				CLANG_WARN_NON_LITERAL_NULL_CONVERSION = YES;
				CLANG_WARN_OBJC_IMPLICIT_RETAIN_SELF = YES;
				CLANG_WARN_OBJC_LITERAL_CONVERSION = YES;
				CLANG_WARN_OBJC_ROOT_CLASS = YES_ERROR;
				CLANG_WARN_QUOTED_INCLUDE_IN_FRAMEWORK_HEADER = YES;
				CLANG_WARN_RANGE_LOOP_ANALYSIS = YES;
				CLANG_WARN_STRICT_PROTOTYPES = YES;
				CLANG_WARN_SUSPICIOUS_MOVE = YES;
				CLANG_WARN_UNGUARDED_AVAILABILITY = YES_AGGRESSIVE;
				CLANG_WARN_UNREACHABLE_CODE = YES;
				CLANG_WARN__DUPLICATE_METHOD_MATCH = YES;
				COPY_PHASE_STRIP = NO;
				DEBUG_INFORMATION_FORMAT = dwarf;
				ENABLE_STRICT_OBJC_MSGSEND = YES;
				ENABLE_TESTABILITY = YES;
				GCC_C_LANGUAGE_STANDARD = gnu11;
				GCC_DYNAMIC_NO_PIC = NO;
				GCC_NO_COMMON_BLOCKS = YES;
				GCC_OPTIMIZATION_LEVEL = 0;
				GCC_PREPROCESSOR_DEFINITIONS = (
					"DEBUG=1",
					"$(inherited)",
				);
				GCC_WARN_64_TO_32_BIT_CONVERSION = YES;
				GCC_WARN_ABOUT_RETURN_TYPE = YES_ERROR;
				GCC_WARN_UNDECLARED_SELECTOR = YES;
				GCC_WARN_UNINITIALIZED_AUTOS = YES_AGGRESSIVE;
				GCC_WARN_UNUSED_FUNCTION = YES;
				GCC_WARN_UNUSED_VARIABLE = YES;
				MTL_ENABLE_DEBUG_INFO = INCLUDE_SOURCE;
				MTL_FAST_MATH = YES;
				ONLY_ACTIVE_ARCH = YES;
				SWIFT_ACTIVE_COMPILATION_CONDITIONS = DEBUG;
				SWIFT_OPTIMIZATION_LEVEL = "-Onone";
			};
			name = Debug;
		};
		E2680F232D77F1660078843D /* Release */ = {
			isa = XCBuildConfiguration;
			buildSettings = {
				ALWAYS_SEARCH_USER_PATHS = NO;
				CLANG_ANALYZER_NONNULL = YES;
				CLANG_ANALYZER_NUMBER_OBJECT_CONVERSION = YES_AGGRESSIVE;
				CLANG_CXX_LANGUAGE_STANDARD = "gnu++20";
				CLANG_ENABLE_MODULES = YES;
				CLANG_ENABLE_OBJC_ARC = YES;
				CLANG_ENABLE_OBJC_WEAK = YES;
				CLANG_WARN_BLOCK_CAPTURE_AUTORELEASING = YES;
				CLANG_WARN_BOOL_CONVERSION = YES;
				CLANG_WARN_COMMA = YES;
				CLANG_WARN_CONSTANT_CONVERSION = YES;
				CLANG_WARN_DEPRECATED_OBJC_IMPLEMENTATIONS = YES;
				CLANG_WARN_DIRECT_OBJC_ISA_USAGE = YES_ERROR;
				CLANG_WARN_DOCUMENTATION_COMMENTS = YES;
				CLANG_WARN_EMPTY_BODY = YES;
				CLANG_WARN_ENUM_CONVERSION = YES;
				CLANG_WARN_INFINITE_RECURSION = YES;
				CLANG_WARN_INT_CONVERSION = YES;
				CLANG_WARN_NON_LITERAL_NULL_CONVERSION = YES;
				CLANG_WARN_OBJC_IMPLICIT_RETAIN_SELF = YES;
				CLANG_WARN_OBJC_LITERAL_CONVERSION = YES;
				CLANG_WARN_OBJC_ROOT_CLASS = YES_ERROR;
				CLANG_WARN_QUOTED_INCLUDE_IN_FRAMEWORK_HEADER = YES;
				CLANG_WARN_RANGE_LOOP_ANALYSIS = YES;
				CLANG_WARN_STRICT_PROTOTYPES = YES;
				CLANG_WARN_SUSPICIOUS_MOVE = YES;
				CLANG_WARN_UNGUARDED_AVAILABILITY = YES_AGGRESSIVE;
				CLANG_WARN_UNREACHABLE_CODE = YES;
				CLANG_WARN__DUPLICATE_METHOD_MATCH = YES;
				COPY_PHASE_STRIP = NO;
				DEBUG_INFORMATION_FORMAT = "dwarf-with-dsym";
				ENABLE_NS_ASSERTIONS = NO;
				ENABLE_STRICT_OBJC_MSGSEND = YES;
				GCC_C_LANGUAGE_STANDARD = gnu11;
				GCC_NO_COMMON_BLOCKS = YES;
				GCC_WARN_64_TO_32_BIT_CONVERSION = YES;
				GCC_WARN_ABOUT_RETURN_TYPE = YES_ERROR;
				GCC_WARN_UNDECLARED_SELECTOR = YES;
				GCC_WARN_UNINITIALIZED_AUTOS = YES_AGGRESSIVE;
				GCC_WARN_UNUSED_FUNCTION = YES;
				GCC_WARN_UNUSED_VARIABLE = YES;
				MTL_ENABLE_DEBUG_INFO = NO;
				MTL_FAST_MATH = YES;
				SWIFT_COMPILATION_MODE = wholemodule;
				SWIFT_OPTIMIZATION_LEVEL = "-O";
			};
			name = Release;
		};
		E2680F252D77F1660078843D /* Debug */ = {
			isa = XCBuildConfiguration;
			buildSettings = {
				ASSETCATALOG_COMPILER_APPICON_NAME = AppIcon;
				ASSETCATALOG_COMPILER_GLOBAL_ACCENT_COLOR_NAME = AccentColor;
				CODE_SIGN_ENTITLEMENTS = QuestloreAudio/QuestloreAudio.entitlements;
				CODE_SIGN_STYLE = Automatic;
				CURRENT_PROJECT_VERSION = 1;
				DEVELOPMENT_ASSET_PATHS = "\"QuestloreAudio/Preview Content\"";
				ENABLE_PREVIEWS = YES;
				GENERATE_INFOPLIST_FILE = YES;
				INFOPLIST_FILE = QuestloreAudio/Info.plist;
				"INFOPLIST_KEY_UIApplicationSceneManifest_Generation[sdk=iphoneos*]" = YES;
				"INFOPLIST_KEY_UIApplicationSceneManifest_Generation[sdk=iphonesimulator*]" = YES;
				"INFOPLIST_KEY_UIApplicationSupportsIndirectInputEvents[sdk=iphoneos*]" = YES;
				"INFOPLIST_KEY_UIApplicationSupportsIndirectInputEvents[sdk=iphonesimulator*]" = YES;
				"INFOPLIST_KEY_UILaunchScreen_Generation[sdk=iphoneos*]" = YES;
				"INFOPLIST_KEY_UILaunchScreen_Generation[sdk=iphonesimulator*]" = YES;
				INFOPLIST_KEY_UIRequiresFullScreen = NO;
				"INFOPLIST_KEY_UIStatusBarStyle[sdk=iphoneos*]" = UIStatusBarStyleDefault;
				"INFOPLIST_KEY_UIStatusBarStyle[sdk=iphonesimulator*]" = UIStatusBarStyleDefault;
				INFOPLIST_KEY_UISupportedInterfaceOrientations = UIInterfaceOrientationPortrait;
				INFOPLIST_KEY_UISupportedInterfaceOrientations_iPad = "UIInterfaceOrientationLandscapeLeft UIInterfaceOrientationLandscapeRight UIInterfaceOrientationPortrait UIInterfaceOrientationPortraitUpsideDown";
				IPHONEOS_DEPLOYMENT_TARGET = 16.0;
				LD_RUNPATH_SEARCH_PATHS = "@executable_path/Frameworks";
				"LD_RUNPATH_SEARCH_PATHS[sdk=macosx*]" = "@executable_path/../Frameworks";
				MACOSX_DEPLOYMENT_TARGET = 12.4;
				MARKETING_VERSION = 1.0;
				PRODUCT_BUNDLE_IDENTIFIER = tombaltaks.QuestloreAudio;
				PRODUCT_NAME = "$(TARGET_NAME)";
				SDKROOT = auto;
				SUPPORTED_PLATFORMS = "iphoneos iphonesimulator macosx";
				SUPPORTS_MACCATALYST = NO;
				SUPPORTS_MAC_DESIGNED_FOR_IPHONE_IPAD = NO;
				SWIFT_EMIT_LOC_STRINGS = YES;
				SWIFT_VERSION = 5.0;
				TARGETED_DEVICE_FAMILY = "1,2";
			};
			name = Debug;
		};
		E2680F262D77F1660078843D /* Release */ = {
			isa = XCBuildConfiguration;
			buildSettings = {
				ASSETCATALOG_COMPILER_APPICON_NAME = AppIcon;
				ASSETCATALOG_COMPILER_GLOBAL_ACCENT_COLOR_NAME = AccentColor;
				CODE_SIGN_ENTITLEMENTS = QuestloreAudio/QuestloreAudio.entitlements;
				CODE_SIGN_STYLE = Automatic;
				CURRENT_PROJECT_VERSION = 1;
				DEVELOPMENT_ASSET_PATHS = "\"QuestloreAudio/Preview Content\"";
				ENABLE_PREVIEWS = YES;
				GENERATE_INFOPLIST_FILE = YES;
				INFOPLIST_FILE = QuestloreAudio/Info.plist;
				"INFOPLIST_KEY_UIApplicationSceneManifest_Generation[sdk=iphoneos*]" = YES;
				"INFOPLIST_KEY_UIApplicationSceneManifest_Generation[sdk=iphonesimulator*]" = YES;
				"INFOPLIST_KEY_UIApplicationSupportsIndirectInputEvents[sdk=iphoneos*]" = YES;
				"INFOPLIST_KEY_UIApplicationSupportsIndirectInputEvents[sdk=iphonesimulator*]" = YES;
				"INFOPLIST_KEY_UILaunchScreen_Generation[sdk=iphoneos*]" = YES;
				"INFOPLIST_KEY_UILaunchScreen_Generation[sdk=iphonesimulator*]" = YES;
				INFOPLIST_KEY_UIRequiresFullScreen = NO;
				"INFOPLIST_KEY_UIStatusBarStyle[sdk=iphoneos*]" = UIStatusBarStyleDefault;
				"INFOPLIST_KEY_UIStatusBarStyle[sdk=iphonesimulator*]" = UIStatusBarStyleDefault;
				INFOPLIST_KEY_UISupportedInterfaceOrientations = UIInterfaceOrientationPortrait;
				INFOPLIST_KEY_UISupportedInterfaceOrientations_iPad = "UIInterfaceOrientationLandscapeLeft UIInterfaceOrientationLandscapeRight UIInterfaceOrientationPortrait UIInterfaceOrientationPortraitUpsideDown";
				IPHONEOS_DEPLOYMENT_TARGET = 16.0;
				LD_RUNPATH_SEARCH_PATHS = "@executable_path/Frameworks";
				"LD_RUNPATH_SEARCH_PATHS[sdk=macosx*]" = "@executable_path/../Frameworks";
				MACOSX_DEPLOYMENT_TARGET = 12.4;
				MARKETING_VERSION = 1.0;
				PRODUCT_BUNDLE_IDENTIFIER = tombaltaks.QuestloreAudio;
				PRODUCT_NAME = "$(TARGET_NAME)";
				SDKROOT = auto;
				SUPPORTED_PLATFORMS = "iphoneos iphonesimulator macosx";
				SUPPORTS_MACCATALYST = NO;
				SUPPORTS_MAC_DESIGNED_FOR_IPHONE_IPAD = NO;
				SWIFT_EMIT_LOC_STRINGS = YES;
				SWIFT_VERSION = 5.0;
				TARGETED_DEVICE_FAMILY = "1,2";
			};
			name = Release;
		};
		E2680F282D77F1660078843D /* Debug */ = {
			isa = XCBuildConfiguration;
			buildSettings = {
				ALWAYS_EMBED_SWIFT_STANDARD_LIBRARIES = YES;
				BUNDLE_LOADER = "$(TEST_HOST)";
				CODE_SIGN_STYLE = Automatic;
				CURRENT_PROJECT_VERSION = 1;
				GENERATE_INFOPLIST_FILE = YES;
				IPHONEOS_DEPLOYMENT_TARGET = 16.2;
				MACOSX_DEPLOYMENT_TARGET = 12.7;
				MARKETING_VERSION = 1.0;
				PRODUCT_BUNDLE_IDENTIFIER = tombaltaks.QuestloreAudioTests;
				PRODUCT_NAME = "$(TARGET_NAME)";
				SDKROOT = auto;
				SUPPORTED_PLATFORMS = "iphoneos iphonesimulator macosx";
				SWIFT_EMIT_LOC_STRINGS = NO;
				SWIFT_VERSION = 5.0;
				TARGETED_DEVICE_FAMILY = "1,2";
				TEST_HOST = "$(BUILT_PRODUCTS_DIR)/QuestloreAudio.app/$(BUNDLE_EXECUTABLE_FOLDER_PATH)/QuestloreAudio";
			};
			name = Debug;
		};
		E2680F292D77F1660078843D /* Release */ = {
			isa = XCBuildConfiguration;
			buildSettings = {
				ALWAYS_EMBED_SWIFT_STANDARD_LIBRARIES = YES;
				BUNDLE_LOADER = "$(TEST_HOST)";
				CODE_SIGN_STYLE = Automatic;
				CURRENT_PROJECT_VERSION = 1;
				GENERATE_INFOPLIST_FILE = YES;
				IPHONEOS_DEPLOYMENT_TARGET = 16.2;
				MACOSX_DEPLOYMENT_TARGET = 12.7;
				MARKETING_VERSION = 1.0;
				PRODUCT_BUNDLE_IDENTIFIER = tombaltaks.QuestloreAudioTests;
				PRODUCT_NAME = "$(TARGET_NAME)";
				SDKROOT = auto;
				SUPPORTED_PLATFORMS = "iphoneos iphonesimulator macosx";
				SWIFT_EMIT_LOC_STRINGS = NO;
				SWIFT_VERSION = 5.0;
				TARGETED_DEVICE_FAMILY = "1,2";
				TEST_HOST = "$(BUILT_PRODUCTS_DIR)/QuestloreAudio.app/$(BUNDLE_EXECUTABLE_FOLDER_PATH)/QuestloreAudio";
			};
			name = Release;
		};
		E2680F2B2D77F1660078843D /* Debug */ = {
			isa = XCBuildConfiguration;
			buildSettings = {
				ALWAYS_EMBED_SWIFT_STANDARD_LIBRARIES = YES;
				CODE_SIGN_STYLE = Automatic;
				CURRENT_PROJECT_VERSION = 1;
				GENERATE_INFOPLIST_FILE = YES;
				IPHONEOS_DEPLOYMENT_TARGET = 16.2;
				MACOSX_DEPLOYMENT_TARGET = 12.7;
				MARKETING_VERSION = 1.0;
				PRODUCT_BUNDLE_IDENTIFIER = tombaltaks.QuestloreAudioUITests;
				PRODUCT_NAME = "$(TARGET_NAME)";
				SDKROOT = auto;
				SUPPORTED_PLATFORMS = "iphoneos iphonesimulator macosx";
				SWIFT_EMIT_LOC_STRINGS = NO;
				SWIFT_VERSION = 5.0;
				TARGETED_DEVICE_FAMILY = "1,2";
				TEST_TARGET_NAME = QuestloreAudio;
			};
			name = Debug;
		};
		E2680F2C2D77F1660078843D /* Release */ = {
			isa = XCBuildConfiguration;
			buildSettings = {
				ALWAYS_EMBED_SWIFT_STANDARD_LIBRARIES = YES;
				CODE_SIGN_STYLE = Automatic;
				CURRENT_PROJECT_VERSION = 1;
				GENERATE_INFOPLIST_FILE = YES;
				IPHONEOS_DEPLOYMENT_TARGET = 16.2;
				MACOSX_DEPLOYMENT_TARGET = 12.7;
				MARKETING_VERSION = 1.0;
				PRODUCT_BUNDLE_IDENTIFIER = tombaltaks.QuestloreAudioUITests;
				PRODUCT_NAME = "$(TARGET_NAME)";
				SDKROOT = auto;
				SUPPORTED_PLATFORMS = "iphoneos iphonesimulator macosx";
				SWIFT_EMIT_LOC_STRINGS = NO;
				SWIFT_VERSION = 5.0;
				TARGETED_DEVICE_FAMILY = "1,2";
				TEST_TARGET_NAME = QuestloreAudio;
			};
			name = Release;
		};
/* End XCBuildConfiguration section */

/* Begin XCConfigurationList section */
		E2680EFA2D77F1640078843D /* Build configuration list for PBXProject "QuestloreAudio" */ = {
			isa = XCConfigurationList;
			buildConfigurations = (
				E2680F222D77F1660078843D /* Debug */,
				E2680F232D77F1660078843D /* Release */,
			);
			defaultConfigurationIsVisible = 0;
			defaultConfigurationName = Release;
		};
		E2680F242D77F1660078843D /* Build configuration list for PBXNativeTarget "QuestloreAudio" */ = {
			isa = XCConfigurationList;
			buildConfigurations = (
				E2680F252D77F1660078843D /* Debug */,
				E2680F262D77F1660078843D /* Release */,
			);
			defaultConfigurationIsVisible = 0;
			defaultConfigurationName = Release;
		};
		E2680F272D77F1660078843D /* Build configuration list for PBXNativeTarget "QuestloreAudioTests" */ = {
			isa = XCConfigurationList;
			buildConfigurations = (
				E2680F282D77F1660078843D /* Debug */,
				E2680F292D77F1660078843D /* Release */,
			);
			defaultConfigurationIsVisible = 0;
			defaultConfigurationName = Release;
		};
		E2680F2A2D77F1660078843D /* Build configuration list for PBXNativeTarget "QuestloreAudioUITests" */ = {
			isa = XCConfigurationList;
			buildConfigurations = (
				E2680F2B2D77F1660078843D /* Debug */,
				E2680F2C2D77F1660078843D /* Release */,
			);
			defaultConfigurationIsVisible = 0;
			defaultConfigurationName = Release;
		};
/* End XCConfigurationList section */
	};
	rootObject = E2680EF72D77F1640078843D /* Project object */;
}
